
Microsoft Visual Studio Solution File, Format Version 12.00
# Visual Studio 15
VisualStudioVersion = 15.0.28307.902
MinimumVisualStudioVersion = 10.0.40219.1
Project("{FAE04EC0-301F-11D3-BF4B-00C04F79EFBC}") = "ConsoleApp1", "ConsoleApp1\ConsoleApp1.csproj", "{8EA9F951-AE8D-4064-8B01-1D7762AFF46B}"
EndProject
Global
	GlobalSection(SolutionConfigurationPlatforms) = preSolution
		Debug|Any CPU = Debug|Any CPU
		Release|Any CPU = Release|Any CPU
	EndGlobalSection
	GlobalSection(ProjectConfigurationPlatforms) = postSolution
		{8EA9F951-AE8D-4064-8B01-1D7762AFF46B}.Debug|Any CPU.ActiveCfg = Debug|Any CPU
		{8EA9F951-AE8D-4064-8B01-1D7762AFF46B}.Debug|Any CPU.Build.0 = Debug|Any CPU
		{8EA9F951-AE8D-4064-8B01-1D7762AFF46B}.Release|Any CPU.ActiveCfg = Release|Any CPU
		{8EA9F951-AE8D-4064-8B01-1D7762AFF46B}.Release|Any CPU.Build.0 = Release|Any CPU
	EndGlobalSection
	GlobalSection(SolutionProperties) = preSolution
		HideSolutionNode = FALSE
	EndGlobalSection
	GlobalSection(ExtensibilityGlobals) = postSolution
		SolutionGuid = {3A7EB75F-07E8-4145-9334-2ADF32D88485}
	EndGlobalSection
EndGlobal
